
Microsoft Visual Studio Solution File, Format Version 12.00
# Visual Studio Version 16
VisualStudioVersion = 16.0.29924.181
MinimumVisualStudioVersion = 10.0.40219.1
Project("{9A19103F-16F7-4668-BE54-9A1E7A4F7556}") = "Arduino.RobotController.CommandsGateway", "Arduino.RobotController.CommandsGateway.csproj", "{C0DE3463-23AC-43E4-B7FA-19D9329FEC4C}"
EndProject
Global
	GlobalSection(SolutionConfigurationPlatforms) = preSolution
		Debug|Any CPU = Debug|Any CPU
		Release|Any CPU = Release|Any CPU
	EndGlobalSection
	GlobalSection(ProjectConfigurationPlatforms) = postSolution
		{C0DE3463-23AC-43E4-B7FA-19D9329FEC4C}.Debug|Any CPU.ActiveCfg = Debug|Any CPU
		{C0DE3463-23AC-43E4-B7FA-19D9329FEC4C}.Debug|Any CPU.Build.0 = Debug|Any CPU
		{C0DE3463-23AC-43E4-B7FA-19D9329FEC4C}.Release|Any CPU.ActiveCfg = Release|Any CPU
		{C0DE3463-23AC-43E4-B7FA-19D9329FEC4C}.Release|Any CPU.Build.0 = Release|Any CPU
	EndGlobalSection
	GlobalSection(SolutionProperties) = preSolution
		HideSolutionNode = FALSE
	EndGlobalSection
	GlobalSection(ExtensibilityGlobals) = postSolution
		SolutionGuid = {E075DD63-D519-4A62-953B-B5E8FF93BAB3}
	EndGlobalSection
EndGlobal
